
Microsoft Visual Studio Solution File, Format Version 12.00
# Visual Studio Version 16
VisualStudioVersion = 16.0.30406.217
MinimumVisualStudioVersion = 10.0.40219.1
Project("{FAE04EC0-301F-11D3-BF4B-00C04F79EFBC}") = "Task-Planner", "Task-Planner.csproj", "{6DE77554-E0B6-4DC4-9D45-2717AF0006FE}"
EndProject
Global
	GlobalSection(SolutionConfigurationPlatforms) = preSolution
		Debug|Any CPU = Debug|Any CPU
		Release|Any CPU = Release|Any CPU
	EndGlobalSection
	GlobalSection(ProjectConfigurationPlatforms) = postSolution
		{6DE77554-E0B6-4DC4-9D45-2717AF0006FE}.Debug|Any CPU.ActiveCfg = Debug|Any CPU
		{6DE77554-E0B6-4DC4-9D45-2717AF0006FE}.Debug|Any CPU.Build.0 = Debug|Any CPU
		{6DE77554-E0B6-4DC4-9D45-2717AF0006FE}.Debug|Any CPU.Deploy.0 = Debug|Any CPU
		{6DE77554-E0B6-4DC4-9D45-2717AF0006FE}.Release|Any CPU.ActiveCfg = Release|Any CPU
		{6DE77554-E0B6-4DC4-9D45-2717AF0006FE}.Release|Any CPU.Build.0 = Release|Any CPU
		{6DE77554-E0B6-4DC4-9D45-2717AF0006FE}.Release|Any CPU.Deploy.0 = Release|Any CPU
	EndGlobalSection
	GlobalSection(SolutionProperties) = preSolution
		HideSolutionNode = FALSE
	EndGlobalSection
	GlobalSection(ExtensibilityGlobals) = postSolution
		SolutionGuid = {36E02E2F-FA99-44CE-A1FF-0568F3EC9129}
	EndGlobalSection
EndGlobal
